
Microsoft Visual Studio Solution File, Format Version 12.00
# Visual Studio Version 16
VisualStudioVersion = 16.0.30320.27
MinimumVisualStudioVersion = 10.0.40219.1
Project("{FAE04EC0-301F-11D3-BF4B-00C04F79EFBC}") = "PrototipoProgetto", "PrototipoProgetto.csproj", "{9ACA87B5-A3E4-4515-B15C-6D947E6F03C2}"
EndProject
Global
	GlobalSection(SolutionConfigurationPlatforms) = preSolution
		Debug|Any CPU = Debug|Any CPU
		Release|Any CPU = Release|Any CPU
	EndGlobalSection
	GlobalSection(ProjectConfigurationPlatforms) = postSolution
		{9ACA87B5-A3E4-4515-B15C-6D947E6F03C2}.Debug|Any CPU.ActiveCfg = Debug|Any CPU
		{9ACA87B5-A3E4-4515-B15C-6D947E6F03C2}.Debug|Any CPU.Build.0 = Debug|Any CPU
		{9ACA87B5-A3E4-4515-B15C-6D947E6F03C2}.Release|Any CPU.ActiveCfg = Release|Any CPU
		{9ACA87B5-A3E4-4515-B15C-6D947E6F03C2}.Release|Any CPU.Build.0 = Release|Any CPU
	EndGlobalSection
	GlobalSection(SolutionProperties) = preSolution
		HideSolutionNode = FALSE
	EndGlobalSection
	GlobalSection(ExtensibilityGlobals) = postSolution
		SolutionGuid = {A689C1BD-57B3-459B-ABB1-428B6B2EF233}
	EndGlobalSection
EndGlobal
